
Microsoft Visual Studio Solution File, Format Version 12.00
# Visual Studio Version 17
VisualStudioVersion = 17.0.32014.148
MinimumVisualStudioVersion = 10.0.40219.1
Project("{FAE04EC0-301F-11D3-BF4B-00C04F79EFBC}") = "webConsulta", "webConsulta\webConsulta.csproj", "{FABFF8D8-1BF0-401E-85D5-045A714658A5}"
EndProject
Global
	GlobalSection(SolutionConfigurationPlatforms) = preSolution
		Debug|Any CPU = Debug|Any CPU
		Release|Any CPU = Release|Any CPU
	EndGlobalSection
	GlobalSection(ProjectConfigurationPlatforms) = postSolution
		{FABFF8D8-1BF0-401E-85D5-045A714658A5}.Debug|Any CPU.ActiveCfg = Debug|Any CPU
		{FABFF8D8-1BF0-401E-85D5-045A714658A5}.Debug|Any CPU.Build.0 = Debug|Any CPU
		{FABFF8D8-1BF0-401E-85D5-045A714658A5}.Release|Any CPU.ActiveCfg = Release|Any CPU
		{FABFF8D8-1BF0-401E-85D5-045A714658A5}.Release|Any CPU.Build.0 = Release|Any CPU
	EndGlobalSection
	GlobalSection(SolutionProperties) = preSolution
		HideSolutionNode = FALSE
	EndGlobalSection
	GlobalSection(ExtensibilityGlobals) = postSolution
		SolutionGuid = {E7EE0A40-3238-4146-B81C-DC517C27B11A}
	EndGlobalSection
EndGlobal
